
Microsoft Visual Studio Solution File, Format Version 12.00
# Visual Studio Version 16
VisualStudioVersion = 16.0.31019.35
MinimumVisualStudioVersion = 10.0.40219.1
Project("{FAE04EC0-301F-11D3-BF4B-00C04F79EFBC}") = "IA2Assessment", "IA2Assessment\IA2Assessment.csproj", "{EBBC1CE3-4A41-4A23-A477-D0227E74ED84}"
EndProject
Global
	GlobalSection(SolutionConfigurationPlatforms) = preSolution
		Debug|Any CPU = Debug|Any CPU
		Release|Any CPU = Release|Any CPU
	EndGlobalSection
	GlobalSection(ProjectConfigurationPlatforms) = postSolution
		{EBBC1CE3-4A41-4A23-A477-D0227E74ED84}.Debug|Any CPU.ActiveCfg = Debug|Any CPU
		{EBBC1CE3-4A41-4A23-A477-D0227E74ED84}.Debug|Any CPU.Build.0 = Debug|Any CPU
		{EBBC1CE3-4A41-4A23-A477-D0227E74ED84}.Release|Any CPU.ActiveCfg = Release|Any CPU
		{EBBC1CE3-4A41-4A23-A477-D0227E74ED84}.Release|Any CPU.Build.0 = Release|Any CPU
	EndGlobalSection
	GlobalSection(SolutionProperties) = preSolution
		HideSolutionNode = FALSE
	EndGlobalSection
	GlobalSection(ExtensibilityGlobals) = postSolution
		SolutionGuid = {E3860BF9-07B6-473D-A9A8-71F35DA1BD65}
	EndGlobalSection
EndGlobal
